// !$*UTF8*$!
{
	archiveVersion = 1;
	classes = {
	};
	objectVersion = 48;
	objects = {

/* Begin PBXBuildFile section */
		98EFA0CD1FDA982C00E4E9BC /* AppDelegate.swift in Sources */ = {isa = PBXBuildFile; fileRef = 98EFA0CC1FDA982C00E4E9BC /* AppDelegate.swift */; };
		98EFA0CF1FDA982C00E4E9BC /* ViewController.swift in Sources */ = {isa = PBXBuildFile; fileRef = 98EFA0CE1FDA982C00E4E9BC /* ViewController.swift */; };
		98EFA0D11FDA982C00E4E9BC /* Assets.xcassets in Resources */ = {isa = PBXBuildFile; fileRef = 98EFA0D01FDA982C00E4E9BC /* Assets.xcassets */; };
		98EFA0D41FDA982C00E4E9BC /* Main.storyboard in Resources */ = {isa = PBXBuildFile; fileRef = 98EFA0D21FDA982C00E4E9BC /* Main.storyboard */; };
		98EFA0DD1FDA9FD200E4E9BC /* Item.swift in Sources */ = {isa = PBXBuildFile; fileRef = 98EFA0DC1FDA9FD200E4E9BC /* Item.swift */; };
		98EFA0DF1FDAAAAB00E4E9BC /* TestData.swift in Sources */ = {isa = PBXBuildFile; fileRef = 98EFA0DE1FDAAAAB00E4E9BC /* TestData.swift */; };
		98EFA0E41FDABD1200E4E9BC /* ViewController+NSOutlineViewDelegate.swift in Sources */ = {isa = PBXBuildFile; fileRef = 98EFA0E31FDABD1200E4E9BC /* ViewController+NSOutlineViewDelegate.swift */; };
		98EFA0E61FDABD3E00E4E9BC /* ViewController+NSOutlineViewDataSource.swift in Sources */ = {isa = PBXBuildFile; fileRef = 98EFA0E51FDABD3E00E4E9BC /* ViewController+NSOutlineViewDataSource.swift */; };
/* End PBXBuildFile section */

/* Begin PBXFileReference section */
		98EFA0C91FDA982C00E4E9BC /* OutlineViewDemo.app */ = {isa = PBXFileReference; explicitFileType = wrapper.application; includeInIndex = 0; path = OutlineViewDemo.app; sourceTree = BUILT_PRODUCTS_DIR; };
		98EFA0CC1FDA982C00E4E9BC /* AppDelegate.swift */ = {isa = PBXFileReference; lastKnownFileType = sourcecode.swift; path = AppDelegate.swift; sourceTree = "<group>"; };
		98EFA0CE1FDA982C00E4E9BC /* ViewController.swift */ = {isa = PBXFileReference; lastKnownFileType = sourcecode.swift; path = ViewController.swift; sourceTree = "<group>"; };
		98EFA0D01FDA982C00E4E9BC /* Assets.xcassets */ = {isa = PBXFileReference; lastKnownFileType = folder.assetcatalog; path = Assets.xcassets; sourceTree = "<group>"; };
		98EFA0D31FDA982C00E4E9BC /* Base */ = {isa = PBXFileReference; lastKnownFileType = file.storyboard; name = Base; path = Base.lproj/Main.storyboard; sourceTree = "<group>"; };
		98EFA0D51FDA982C00E4E9BC /* Info.plist */ = {isa = PBXFileReference; lastKnownFileType = text.plist.xml; path = Info.plist; sourceTree = "<group>"; };
		98EFA0D61FDA982C00E4E9BC /* OutlineViewDemo.entitlements */ = {isa = PBXFileReference; lastKnownFileType = text.plist.entitlements; path = OutlineViewDemo.entitlements; sourceTree = "<group>"; };
		98EFA0DC1FDA9FD200E4E9BC /* Item.swift */ = {isa = PBXFileReference; lastKnownFileType = sourcecode.swift; path = Item.swift; sourceTree = "<group>"; };
		98EFA0DE1FDAAAAB00E4E9BC /* TestData.swift */ = {isa = PBXFileReference; lastKnownFileType = sourcecode.swift; path = TestData.swift; sourceTree = "<group>"; };
		98EFA0E31FDABD1200E4E9BC /* ViewController+NSOutlineViewDelegate.swift */ = {isa = PBXFileReference; lastKnownFileType = sourcecode.swift; path = "ViewController+NSOutlineViewDelegate.swift"; sourceTree = "<group>"; };
		98EFA0E51FDABD3E00E4E9BC /* ViewController+NSOutlineViewDataSource.swift */ = {isa = PBXFileReference; lastKnownFileType = sourcecode.swift; path = "ViewController+NSOutlineViewDataSource.swift"; sourceTree = "<group>"; };
/* End PBXFileReference section */

/* Begin PBXFrameworksBuildPhase section */
		98EFA0C61FDA982C00E4E9BC /* Frameworks */ = {
			isa = PBXFrameworksBuildPhase;
			buildActionMask = 2147483647;
			files = (
			);
			runOnlyForDeploymentPostprocessing = 0;
		};
/* End PBXFrameworksBuildPhase section */

/* Begin PBXGroup section */
		98EFA0C01FDA982C00E4E9BC = {
			isa = PBXGroup;
			children = (
				98EFA0CB1FDA982C00E4E9BC /* OutlineViewDemo */,
				98EFA0CA1FDA982C00E4E9BC /* Products */,
				98EFA0E01FDAB30600E4E9BC /* Frameworks */,
			);
			sourceTree = "<group>";
		};
		98EFA0CA1FDA982C00E4E9BC /* Products */ = {
			isa = PBXGroup;
			children = (
				98EFA0C91FDA982C00E4E9BC /* OutlineViewDemo.app */,
			);
			name = Products;
			sourceTree = "<group>";
		};
		98EFA0CB1FDA982C00E4E9BC /* OutlineViewDemo */ = {
			isa = PBXGroup;
			children = (
				98EFA0D51FDA982C00E4E9BC /* Info.plist */,
				98EFA0D61FDA982C00E4E9BC /* OutlineViewDemo.entitlements */,
				98EFA0D01FDA982C00E4E9BC /* Assets.xcassets */,
				98EFA0CC1FDA982C00E4E9BC /* AppDelegate.swift */,
				98EFA0D21FDA982C00E4E9BC /* Main.storyboard */,
				98EFA0CE1FDA982C00E4E9BC /* ViewController.swift */,
				98EFA0E31FDABD1200E4E9BC /* ViewController+NSOutlineViewDelegate.swift */,
				98EFA0E51FDABD3E00E4E9BC /* ViewController+NSOutlineViewDataSource.swift */,
				98EFA0DC1FDA9FD200E4E9BC /* Item.swift */,
				98EFA0DE1FDAAAAB00E4E9BC /* TestData.swift */,
			);
			path = OutlineViewDemo;
			sourceTree = "<group>";
		};
		98EFA0E01FDAB30600E4E9BC /* Frameworks */ = {
			isa = PBXGroup;
			children = (
			);
			name = Frameworks;
			sourceTree = "<group>";
		};
/* End PBXGroup section */

/* Begin PBXNativeTarget section */
		98EFA0C81FDA982C00E4E9BC /* OutlineViewDemo */ = {
			isa = PBXNativeTarget;
			buildConfigurationList = 98EFA0D91FDA982C00E4E9BC /* Build configuration list for PBXNativeTarget "OutlineViewDemo" */;
			buildPhases = (
				98EFA0C51FDA982C00E4E9BC /* Sources */,
				98EFA0C61FDA982C00E4E9BC /* Frameworks */,
				98EFA0C71FDA982C00E4E9BC /* Resources */,
			);
			buildRules = (
			);
			dependencies = (
			);
			name = OutlineViewDemo;
			productName = OutlineViewDemo;
			productReference = 98EFA0C91FDA982C00E4E9BC /* OutlineViewDemo.app */;
			productType = "com.apple.product-type.application";
		};
/* End PBXNativeTarget section */

/* Begin PBXProject section */
		98EFA0C11FDA982C00E4E9BC /* Project object */ = {
			isa = PBXProject;
			attributes = {
				LastSwiftUpdateCheck = 0920;
				LastUpgradeCheck = 0920;
				ORGANIZATIONNAME = "Adeo IT";
				TargetAttributes = {
					98EFA0C81FDA982C00E4E9BC = {
						CreatedOnToolsVersion = 9.2;
						ProvisioningStyle = Automatic;
						SystemCapabilities = {
							com.apple.Sandbox = {
								enabled = 0;
							};
							com.apple.VPNLite = {
								enabled = 0;
							};
						};
					};
				};
			};
			buildConfigurationList = 98EFA0C41FDA982C00E4E9BC /* Build configuration list for PBXProject "OutlineViewDemo" */;
			compatibilityVersion = "Xcode 8.0";
			developmentRegion = en;
			hasScannedForEncodings = 0;
			knownRegions = (
				en,
				Base,
			);
			mainGroup = 98EFA0C01FDA982C00E4E9BC;
			productRefGroup = 98EFA0CA1FDA982C00E4E9BC /* Products */;
			projectDirPath = "";
			projectRoot = "";
			targets = (
				98EFA0C81FDA982C00E4E9BC /* OutlineViewDemo */,
			);
		};
/* End PBXProject section */

/* Begin PBXResourcesBuildPhase section */
		98EFA0C71FDA982C00E4E9BC /* Resources */ = {
			isa = PBXResourcesBuildPhase;
			buildActionMask = 2147483647;
			files = (
				98EFA0D11FDA982C00E4E9BC /* Assets.xcassets in Resources */,
				98EFA0D41FDA982C00E4E9BC /* Main.storyboard in Resources */,
			);
			runOnlyForDeploymentPostprocessing = 0;
		};
/* End PBXResourcesBuildPhase section */

/* Begin PBXSourcesBuildPhase section */
		98EFA0C51FDA982C00E4E9BC /* Sources */ = {
			isa = PBXSourcesBuildPhase;
			buildActionMask = 2147483647;
			files = (
				98EFA0CF1FDA982C00E4E9BC /* ViewController.swift in Sources */,
				98EFA0DD1FDA9FD200E4E9BC /* Item.swift in Sources */,
				98EFA0CD1FDA982C00E4E9BC /* AppDelegate.swift in Sources */,
				98EFA0E41FDABD1200E4E9BC /* ViewController+NSOutlineViewDelegate.swift in Sources */,
				98EFA0E61FDABD3E00E4E9BC /* ViewController+NSOutlineViewDataSource.swift in Sources */,
				98EFA0DF1FDAAAAB00E4E9BC /* TestData.swift in Sources */,
			);
			runOnlyForDeploymentPostprocessing = 0;
		};
/* End PBXSourcesBuildPhase section */

/* Begin PBXVariantGroup section */
		98EFA0D21FDA982C00E4E9BC /* Main.storyboard */ = {
			isa = PBXVariantGroup;
			children = (
				98EFA0D31FDA982C00E4E9BC /* Base */,
			);
			name = Main.storyboard;
			sourceTree = "<group>";
		};
/* End PBXVariantGroup section */

/* Begin XCBuildConfiguration section */
		98EFA0D71FDA982C00E4E9BC /* Debug */ = {
			isa = XCBuildConfiguration;
			buildSettings = {
				ALWAYS_SEARCH_USER_PATHS = NO;
				CLANG_ANALYZER_NONNULL = YES;
				CLANG_ANALYZER_NUMBER_OBJECT_CONVERSION = YES_AGGRESSIVE;
				CLANG_CXX_LANGUAGE_STANDARD = "gnu++14";
				CLANG_CXX_LIBRARY = "libc++";
				CLANG_ENABLE_MODULES = YES;
				CLANG_ENABLE_OBJC_ARC = YES;
				CLANG_WARN_BLOCK_CAPTURE_AUTORELEASING = YES;
				CLANG_WARN_BOOL_CONVERSION = YES;
				CLANG_WARN_COMMA = YES;
				CLANG_WARN_CONSTANT_CONVERSION = YES;
				CLANG_WARN_DIRECT_OBJC_ISA_USAGE = YES_ERROR;
				CLANG_WARN_DOCUMENTATION_COMMENTS = YES;
				CLANG_WARN_EMPTY_BODY = YES;
				CLANG_WARN_ENUM_CONVERSION = YES;
				CLANG_WARN_INFINITE_RECURSION = YES;
				CLANG_WARN_INT_CONVERSION = YES;
				CLANG_WARN_NON_LITERAL_NULL_CONVERSION = YES;
				CLANG_WARN_OBJC_LITERAL_CONVERSION = YES;
				CLANG_WARN_OBJC_ROOT_CLASS = YES_ERROR;
				CLANG_WARN_RANGE_LOOP_ANALYSIS = YES;
				CLANG_WARN_STRICT_PROTOTYPES = YES;
				CLANG_WARN_SUSPICIOUS_MOVE = YES;
				CLANG_WARN_UNGUARDED_AVAILABILITY = YES_AGGRESSIVE;
				CLANG_WARN_UNREACHABLE_CODE = YES;
				CLANG_WARN__DUPLICATE_METHOD_MATCH = YES;
				CODE_SIGN_IDENTITY = "Mac Developer";
				COPY_PHASE_STRIP = NO;
				DEBUG_INFORMATION_FORMAT = dwarf;
				ENABLE_STRICT_OBJC_MSGSEND = YES;
				ENABLE_TESTABILITY = YES;
				GCC_C_LANGUAGE_STANDARD = gnu11;
				GCC_DYNAMIC_NO_PIC = NO;
				GCC_NO_COMMON_BLOCKS = YES;
				GCC_OPTIMIZATION_LEVEL = 0;
				GCC_PREPROCESSOR_DEFINITIONS = (
					"DEBUG=1",
					"$(inherited)",
				);
				GCC_WARN_64_TO_32_BIT_CONVERSION = YES;
				GCC_WARN_ABOUT_RETURN_TYPE = YES_ERROR;
				GCC_WARN_UNDECLARED_SELECTOR = YES;
				GCC_WARN_UNINITIALIZED_AUTOS = YES_AGGRESSIVE;
				GCC_WARN_UNUSED_FUNCTION = YES;
				GCC_WARN_UNUSED_VARIABLE = YES;
				MACOSX_DEPLOYMENT_TARGET = 10.12;
				MTL_ENABLE_DEBUG_INFO = YES;
				ONLY_ACTIVE_ARCH = YES;
				SDKROOT = macosx;
				SWIFT_ACTIVE_COMPILATION_CONDITIONS = DEBUG;
				SWIFT_OPTIMIZATION_LEVEL = "-Onone";
			};
			name = Debug;
		};
		98EFA0D81FDA982C00E4E9BC /* Release */ = {
			isa = XCBuildConfiguration;
			buildSettings = {
				ALWAYS_SEARCH_USER_PATHS = NO;
				CLANG_ANALYZER_NONNULL = YES;
				CLANG_ANALYZER_NUMBER_OBJECT_CONVERSION = YES_AGGRESSIVE;
				CLANG_CXX_LANGUAGE_STANDARD = "gnu++14";
				CLANG_CXX_LIBRARY = "libc++";
				CLANG_ENABLE_MODULES = YES;
				CLANG_ENABLE_OBJC_ARC = YES;
				CLANG_WARN_BLOCK_CAPTURE_AUTORELEASING = YES;
				CLANG_WARN_BOOL_CONVERSION = YES;
				CLANG_WARN_COMMA = YES;
				CLANG_WARN_CONSTANT_CONVERSION = YES;
				CLANG_WARN_DIRECT_OBJC_ISA_USAGE = YES_ERROR;
				CLANG_WARN_DOCUMENTATION_COMMENTS = YES;
				CLANG_WARN_EMPTY_BODY = YES;
				CLANG_WARN_ENUM_CONVERSION = YES;
				CLANG_WARN_INFINITE_RECURSION = YES;
				CLANG_WARN_INT_CONVERSION = YES;
				CLANG_WARN_NON_LITERAL_NULL_CONVERSION = YES;
				CLANG_WARN_OBJC_LITERAL_CONVERSION = YES;
				CLANG_WARN_OBJC_ROOT_CLASS = YES_ERROR;
				CLANG_WARN_RANGE_LOOP_ANALYSIS = YES;
				CLANG_WARN_STRICT_PROTOTYPES = YES;
				CLANG_WARN_SUSPICIOUS_MOVE = YES;
				CLANG_WARN_UNGUARDED_AVAILABILITY = YES_AGGRESSIVE;
				CLANG_WARN_UNREACHABLE_CODE = YES;
				CLANG_WARN__DUPLICATE_METHOD_MATCH = YES;
				CODE_SIGN_IDENTITY = "Mac Developer";
				COPY_PHASE_STRIP = NO;
				DEBUG_INFORMATION_FORMAT = "dwarf-with-dsym";
				ENABLE_NS_ASSERTIONS = NO;
				ENABLE_STRICT_OBJC_MSGSEND = YES;
				GCC_C_LANGUAGE_STANDARD = gnu11;
				GCC_NO_COMMON_BLOCKS = YES;
				GCC_WARN_64_TO_32_BIT_CONVERSION = YES;
				GCC_WARN_ABOUT_RETURN_TYPE = YES_ERROR;
				GCC_WARN_UNDECLARED_SELECTOR = YES;
				GCC_WARN_UNINITIALIZED_AUTOS = YES_AGGRESSIVE;
				GCC_WARN_UNUSED_FUNCTION = YES;
				GCC_WARN_UNUSED_VARIABLE = YES;
				MACOSX_DEPLOYMENT_TARGET = 10.12;
				MTL_ENABLE_DEBUG_INFO = NO;
				SDKROOT = macosx;
				SWIFT_OPTIMIZATION_LEVEL = "-Owholemodule";
			};
			name = Release;
		};
		98EFA0DA1FDA982C00E4E9BC /* Debug */ = {
			isa = XCBuildConfiguration;
			buildSettings = {
				ASSETCATALOG_COMPILER_APPICON_NAME = AppIcon;
				CODE_SIGN_IDENTITY = "Mac Developer";
				CODE_SIGN_STYLE = Automatic;
				COMBINE_HIDPI_IMAGES = YES;
				DEVELOPMENT_TEAM = 2P8L2WJ5P9;
				INFOPLIST_FILE = OutlineViewDemo/Info.plist;
				LD_RUNPATH_SEARCH_PATHS = "$(inherited) @executable_path/../Frameworks";
				PRODUCT_NAME = "$(TARGET_NAME)";
				PROVISIONING_PROFILE_SPECIFIER = "";
				SWIFT_VERSION = 4.0;
			};
			name = Debug;
		};
		98EFA0DB1FDA982C00E4E9BC /* Release */ = {
			isa = XCBuildConfiguration;
			buildSettings = {
				ASSETCATALOG_COMPILER_APPICON_NAME = AppIcon;
				CODE_SIGN_IDENTITY = "Mac Developer";
				CODE_SIGN_STYLE = Automatic;
				COMBINE_HIDPI_IMAGES = YES;
				DEVELOPMENT_TEAM = 2P8L2WJ5P9;
				INFOPLIST_FILE = OutlineViewDemo/Info.plist;
				LD_RUNPATH_SEARCH_PATHS = "$(inherited) @executable_path/../Frameworks";
				PRODUCT_NAME = "$(TARGET_NAME)";
				PROVISIONING_PROFILE_SPECIFIER = "";
				SWIFT_VERSION = 4.0;
			};
			name = Release;
		};
/* End XCBuildConfiguration section */

/* Begin XCConfigurationList section */
		98EFA0C41FDA982C00E4E9BC /* Build configuration list for PBXProject "OutlineViewDemo" */ = {
			isa = XCConfigurationList;
			buildConfigurations = (
				98EFA0D71FDA982C00E4E9BC /* Debug */,
				98EFA0D81FDA982C00E4E9BC /* Release */,
			);
			defaultConfigurationIsVisible = 0;
			defaultConfigurationName = Release;
		};
		98EFA0D91FDA982C00E4E9BC /* Build configuration list for PBXNativeTarget "OutlineViewDemo" */ = {
			isa = XCConfigurationList;
			buildConfigurations = (
				98EFA0DA1FDA982C00E4E9BC /* Debug */,
				98EFA0DB1FDA982C00E4E9BC /* Release */,
			);
			defaultConfigurationIsVisible = 0;
			defaultConfigurationName = Release;
		};
/* End XCConfigurationList section */
	};
	rootObject = 98EFA0C11FDA982C00E4E9BC /* Project object */;
}
